
Microsoft Visual Studio Solution File, Format Version 12.00
# Visual Studio Version 17
VisualStudioVersion = 17.12.35527.113
MinimumVisualStudioVersion = 10.0.40219.1
Project("{FAE04EC0-301F-11D3-BF4B-00C04F79EFBC}") = "AppointmentManagementService.Api", "AppointmentManagementService.Api\AppointmentManagementService.Api.csproj", "{1E19FB9D-8AF9-4F99-92E7-ACCCAFA8D592}"
EndProject
Project("{FAE04EC0-301F-11D3-BF4B-00C04F79EFBC}") = "AppointmentManagementService.Domain", "AppointmentManagementService.Domain\AppointmentManagementService.Domain.csproj", "{36C8E452-DF15-4484-BC4E-2718A8F172BF}"
EndProject
Project("{FAE04EC0-301F-11D3-BF4B-00C04F79EFBC}") = "AppointmentManagementService.Shared", "AppointmentManagementService.Shared\AppointmentManagementService.Shared.csproj", "{A4DC19C4-3B31-4D6C-9DF1-31EA386401FA}"
EndProject
Project("{FAE04EC0-301F-11D3-BF4B-00C04F79EFBC}") = "AppointmentManagementService.DependencyInjection", "AppointmentManagementService.DependencyInjection\AppointmentManagementService.DependencyInjection.csproj", "{13A86B42-C842-415E-A28D-266B5049B21A}"
EndProject
Project("{FAE04EC0-301F-11D3-BF4B-00C04F79EFBC}") = "AppointmentManagementService.Entities", "AppointmentManagementService.Entities\AppointmentManagementService.Entities.csproj", "{1FD06877-54F9-41B9-894D-5B1EA6E9C799}"
EndProject
Project("{FAE04EC0-301F-11D3-BF4B-00C04F79EFBC}") = "AppointmentManagementService.Data", "AppointmentManagementService.Data\AppointmentManagementService.Data.csproj", "{F18F517C-329A-4CA3-928D-7DC0906BC12C}"
EndProject
Project("{FAE04EC0-301F-11D3-BF4B-00C04F79EFBC}") = "AppointmentManagementService.Services", "AppointmentManagementService.Services\AppointmentManagementService.Services.csproj", "{07934A53-3A82-448E-AB7B-DBB906413E23}"
EndProject
Global
	GlobalSection(SolutionConfigurationPlatforms) = preSolution
		Debug|Any CPU = Debug|Any CPU
		Release|Any CPU = Release|Any CPU
	EndGlobalSection
	GlobalSection(ProjectConfigurationPlatforms) = postSolution
		{1E19FB9D-8AF9-4F99-92E7-ACCCAFA8D592}.Debug|Any CPU.ActiveCfg = Debug|Any CPU
		{1E19FB9D-8AF9-4F99-92E7-ACCCAFA8D592}.Debug|Any CPU.Build.0 = Debug|Any CPU
		{1E19FB9D-8AF9-4F99-92E7-ACCCAFA8D592}.Release|Any CPU.ActiveCfg = Release|Any CPU
		{1E19FB9D-8AF9-4F99-92E7-ACCCAFA8D592}.Release|Any CPU.Build.0 = Release|Any CPU
		{36C8E452-DF15-4484-BC4E-2718A8F172BF}.Debug|Any CPU.ActiveCfg = Debug|Any CPU
		{36C8E452-DF15-4484-BC4E-2718A8F172BF}.Debug|Any CPU.Build.0 = Debug|Any CPU
		{36C8E452-DF15-4484-BC4E-2718A8F172BF}.Release|Any CPU.ActiveCfg = Release|Any CPU
		{36C8E452-DF15-4484-BC4E-2718A8F172BF}.Release|Any CPU.Build.0 = Release|Any CPU
		{A4DC19C4-3B31-4D6C-9DF1-31EA386401FA}.Debug|Any CPU.ActiveCfg = Debug|Any CPU
		{A4DC19C4-3B31-4D6C-9DF1-31EA386401FA}.Debug|Any CPU.Build.0 = Debug|Any CPU
		{A4DC19C4-3B31-4D6C-9DF1-31EA386401FA}.Release|Any CPU.ActiveCfg = Release|Any CPU
		{A4DC19C4-3B31-4D6C-9DF1-31EA386401FA}.Release|Any CPU.Build.0 = Release|Any CPU
		{13A86B42-C842-415E-A28D-266B5049B21A}.Debug|Any CPU.ActiveCfg = Debug|Any CPU
		{13A86B42-C842-415E-A28D-266B5049B21A}.Debug|Any CPU.Build.0 = Debug|Any CPU
		{13A86B42-C842-415E-A28D-266B5049B21A}.Release|Any CPU.ActiveCfg = Release|Any CPU
		{13A86B42-C842-415E-A28D-266B5049B21A}.Release|Any CPU.Build.0 = Release|Any CPU
		{1FD06877-54F9-41B9-894D-5B1EA6E9C799}.Debug|Any CPU.ActiveCfg = Debug|Any CPU
		{1FD06877-54F9-41B9-894D-5B1EA6E9C799}.Debug|Any CPU.Build.0 = Debug|Any CPU
		{1FD06877-54F9-41B9-894D-5B1EA6E9C799}.Release|Any CPU.ActiveCfg = Release|Any CPU
		{1FD06877-54F9-41B9-894D-5B1EA6E9C799}.Release|Any CPU.Build.0 = Release|Any CPU
		{F18F517C-329A-4CA3-928D-7DC0906BC12C}.Debug|Any CPU.ActiveCfg = Debug|Any CPU
		{F18F517C-329A-4CA3-928D-7DC0906BC12C}.Debug|Any CPU.Build.0 = Debug|Any CPU
		{F18F517C-329A-4CA3-928D-7DC0906BC12C}.Release|Any CPU.ActiveCfg = Release|Any CPU
		{F18F517C-329A-4CA3-928D-7DC0906BC12C}.Release|Any CPU.Build.0 = Release|Any CPU
		{07934A53-3A82-448E-AB7B-DBB906413E23}.Debug|Any CPU.ActiveCfg = Debug|Any CPU
		{07934A53-3A82-448E-AB7B-DBB906413E23}.Debug|Any CPU.Build.0 = Debug|Any CPU
		{07934A53-3A82-448E-AB7B-DBB906413E23}.Release|Any CPU.ActiveCfg = Release|Any CPU
		{07934A53-3A82-448E-AB7B-DBB906413E23}.Release|Any CPU.Build.0 = Release|Any CPU
	EndGlobalSection
	GlobalSection(SolutionProperties) = preSolution
		HideSolutionNode = FALSE
	EndGlobalSection
EndGlobal
