
Microsoft Visual Studio Solution File, Format Version 12.00
# Visual Studio Version 17
VisualStudioVersion = 17.12.35527.113 d17.12
MinimumVisualStudioVersion = 10.0.40219.1
Project("{FAE04EC0-301F-11D3-BF4B-00C04F79EFBC}") = "AppointmentManagementService.Api", "AppointmentManagementService.Api\AppointmentManagementService.Api.csproj", "{1E19FB9D-8AF9-4F99-92E7-ACCCAFA8D592}"
EndProject
Project("{FAE04EC0-301F-11D3-BF4B-00C04F79EFBC}") = "AppointmentManagementService.Data", "AppointmentManagement.Data\AppointmentManagementService.Data.csproj", "{3E62790D-8638-4208-B9FA-06C6C2195103}"
EndProject
Project("{FAE04EC0-301F-11D3-BF4B-00C04F79EFBC}") = "AppointmentManagementService.Entities", "AppointmentManagement.Entities\AppointmentManagementService.Entities.csproj", "{E4F5C188-526F-4E53-94C1-EEE4FAC355A4}"
EndProject
Project("{FAE04EC0-301F-11D3-BF4B-00C04F79EFBC}") = "AppointmentManagementService.Services", "AppointmentManagement.Services\AppointmentManagementService.Services.csproj", "{C4B7A985-41AB-4EF1-8A74-A8E2A132B0CF}"
EndProject
Global
	GlobalSection(SolutionConfigurationPlatforms) = preSolution
		Debug|Any CPU = Debug|Any CPU
		Release|Any CPU = Release|Any CPU
	EndGlobalSection
	GlobalSection(ProjectConfigurationPlatforms) = postSolution
		{1E19FB9D-8AF9-4F99-92E7-ACCCAFA8D592}.Debug|Any CPU.ActiveCfg = Debug|Any CPU
		{1E19FB9D-8AF9-4F99-92E7-ACCCAFA8D592}.Debug|Any CPU.Build.0 = Debug|Any CPU
		{1E19FB9D-8AF9-4F99-92E7-ACCCAFA8D592}.Release|Any CPU.ActiveCfg = Release|Any CPU
		{1E19FB9D-8AF9-4F99-92E7-ACCCAFA8D592}.Release|Any CPU.Build.0 = Release|Any CPU
		{3E62790D-8638-4208-B9FA-06C6C2195103}.Debug|Any CPU.ActiveCfg = Debug|Any CPU
		{3E62790D-8638-4208-B9FA-06C6C2195103}.Debug|Any CPU.Build.0 = Debug|Any CPU
		{3E62790D-8638-4208-B9FA-06C6C2195103}.Release|Any CPU.ActiveCfg = Release|Any CPU
		{3E62790D-8638-4208-B9FA-06C6C2195103}.Release|Any CPU.Build.0 = Release|Any CPU
		{E4F5C188-526F-4E53-94C1-EEE4FAC355A4}.Debug|Any CPU.ActiveCfg = Debug|Any CPU
		{E4F5C188-526F-4E53-94C1-EEE4FAC355A4}.Debug|Any CPU.Build.0 = Debug|Any CPU
		{E4F5C188-526F-4E53-94C1-EEE4FAC355A4}.Release|Any CPU.ActiveCfg = Release|Any CPU
		{E4F5C188-526F-4E53-94C1-EEE4FAC355A4}.Release|Any CPU.Build.0 = Release|Any CPU
		{C4B7A985-41AB-4EF1-8A74-A8E2A132B0CF}.Debug|Any CPU.ActiveCfg = Debug|Any CPU
		{C4B7A985-41AB-4EF1-8A74-A8E2A132B0CF}.Debug|Any CPU.Build.0 = Debug|Any CPU
		{C4B7A985-41AB-4EF1-8A74-A8E2A132B0CF}.Release|Any CPU.ActiveCfg = Release|Any CPU
		{C4B7A985-41AB-4EF1-8A74-A8E2A132B0CF}.Release|Any CPU.Build.0 = Release|Any CPU
	EndGlobalSection
	GlobalSection(SolutionProperties) = preSolution
		HideSolutionNode = FALSE
	EndGlobalSection
EndGlobal
